
Microsoft Visual Studio Solution File, Format Version 12.00
# Visual Studio Version 17
VisualStudioVersion = 17.4.33205.214
MinimumVisualStudioVersion = 10.0.40219.1
Project("{888888A0-9F3D-457C-B088-3A5042F75D52}") = "PythonAppl_KirillTsogankov", "PythonAppl_KirillTsogankov.pyproj", "{C3885F50-D954-460F-B6CD-68A9D217CC91}"
EndProject
Global
	GlobalSection(SolutionConfigurationPlatforms) = preSolution
		Debug|Any CPU = Debug|Any CPU
		Release|Any CPU = Release|Any CPU
	EndGlobalSection
	GlobalSection(ProjectConfigurationPlatforms) = postSolution
		{C3885F50-D954-460F-B6CD-68A9D217CC91}.Debug|Any CPU.ActiveCfg = Debug|Any CPU
		{C3885F50-D954-460F-B6CD-68A9D217CC91}.Release|Any CPU.ActiveCfg = Release|Any CPU
	EndGlobalSection
	GlobalSection(SolutionProperties) = preSolution
		HideSolutionNode = FALSE
	EndGlobalSection
	GlobalSection(ExtensibilityGlobals) = postSolution
		SolutionGuid = {16C53EA6-AAD7-45A6-A040-67804FFDA105}
	EndGlobalSection
EndGlobal
